<?xml version="1.0" encoding="utf-8"?>
<Project ToolsVersion="4.0" xmlns="http://schemas.microsoft.com/developer/msbuild/2003">
  <ItemGroup>
    <Filter Include="Source Files">
      <UniqueIdentifier>{4FC737F1-C7A5-4376-A066-2A32D752A2FF}</UniqueIdentifier>
      <Extensions>cpp;c;cc;cxx;def;odl;idl;hpj;bat;asm;asmx</Extensions>
    </Filter>
    <Filter Include="Header Files">
      <UniqueIdentifier>{93995380-89BD-4b04-88EB-625FBE52EBFB}</UniqueIdentifier>
      <Extensions>h;hh;hpp;hxx;hm;inl;inc;xsd</Extensions>
    </Filter>
    <Filter Include="Resource Files">
      <UniqueIdentifier>{67DA6AB6-F800-4c08-8B7A-83BB121AAD01}</UniqueIdentifier>
      <Extensions>rc;ico;cur;bmp;dlg;rc2;rct;bin;rgs;gif;jpg;jpeg;jpe;resx;tiff;tif;png;wav</Extensions>
    </Filter>
  </ItemGroup>
  <ItemGroup>
    <ClCompile Include="src\main.cpp">
      <Filter>Source Files</Filter>
    </ClCompile>
  </ItemGroup>
  <ItemGroup>
    <ClInclude Include="src\Headers.hpp">
      <Filter>Header Files</Filter>
    </ClInclude>
    <ClInclude Include="src\text.hpp">
      <Filter>Header Files</Filter>
    </ClInclude>
    <ClInclude Include="src\character\Bourgeoisie.hpp">
      <Filter>Header Files</Filter>
    </ClInclude>
    <ClInclude Include="src\character\Character.hpp">
      <Filter>Header Files</Filter>
    </ClInclude>
    <ClInclude Include="src\character\Human.hpp">
      <Filter>Header Files</Filter>
    </ClInclude>
    <ClInclude Include="src\character\Player.hpp">
      <Filter>Header Files</Filter>
    </ClInclude>
    <ClInclude Include="src\field\CombatField.hpp">
      <Filter>Header Files</Filter>
    </ClInclude>
    <ClInclude Include="src\field\Field.hpp">
      <Filter>Header Files</Filter>
    </ClInclude>
    <ClInclude Include="src\item\Bag.hpp">
      <Filter>Header Files</Filter>
    </ClInclude>
    <ClInclude Include="src\item\Item.hpp">
      <Filter>Header Files</Filter>
    </ClInclude>
    <ClInclude Include="src\item\armor\Armor.hpp">
      <Filter>Header Files</Filter>
    </ClInclude>
    <ClInclude Include="src\item\consumable\Apple.hpp">
      <Filter>Header Files</Filter>
    </ClInclude>
    <ClInclude Include="src\item\consumable\Consumable.hpp">
      <Filter>Header Files</Filter>
    </ClInclude>
    <ClInclude Include="src\item\effect\ActiveEffects.hpp">
      <Filter>Header Files</Filter>
    </ClInclude>
    <ClInclude Include="src\item\effect\Bleeding.hpp">
      <Filter>Header Files</Filter>
    </ClInclude>
    <ClInclude Include="src\item\effect\Dazed.hpp">
      <Filter>Header Files</Filter>
    </ClInclude>
    <ClInclude Include="src\item\effect\Effect.hpp">
      <Filter>Header Files</Filter>
    </ClInclude>
    <ClInclude Include="src\item\effect\Poisoned.hpp">
      <Filter>Header Files</Filter>
    </ClInclude>
    <ClInclude Include="src\item\effect\Stunned.hpp">
      <Filter>Header Files</Filter>
    </ClInclude>
    <ClInclude Include="src\item\item\Rock.hpp">
      <Filter>Header Files</Filter>
    </ClInclude>
    <ClInclude Include="src\item\material\Basic.hpp">
      <Filter>Header Files</Filter>
    </ClInclude>
    <ClInclude Include="src\item\material\Bronze.hpp">
      <Filter>Header Files</Filter>
    </ClInclude>
    <ClInclude Include="src\item\material\Material.hpp">
      <Filter>Header Files</Filter>
    </ClInclude>
    <ClInclude Include="src\item\material\Steel.hpp">
      <Filter>Header Files</Filter>
    </ClInclude>
    <ClInclude Include="src\item\material\Wooden.hpp">
      <Filter>Header Files</Filter>
    </ClInclude>
    <ClInclude Include="src\item\shield\Shield.hpp">
      <Filter>Header Files</Filter>
    </ClInclude>
    <ClInclude Include="src\item\shield\buckler\Buckler.hpp">
      <Filter>Header Files</Filter>
    </ClInclude>
    <ClInclude Include="src\item\style\Style.hpp">
      <Filter>Header Files</Filter>
    </ClInclude>
    <ClInclude Include="src\item\usage\Usage.hpp">
      <Filter>Header Files</Filter>
    </ClInclude>
    <ClInclude Include="src\item\weapon\Weapon.hpp">
      <Filter>Header Files</Filter>
    </ClInclude>
    <ClInclude Include="src\item\weapon\melee\Dagger.hpp">
      <Filter>Header Files</Filter>
    </ClInclude>
    <ClInclude Include="src\item\weapon\melee\HumanFist.hpp">
      <Filter>Header Files</Filter>
    </ClInclude>
    <ClInclude Include="src\item\weapon\melee\Longsword.hpp">
      <Filter>Header Files</Filter>
    </ClInclude>
    <ClInclude Include="src\story\Scene.hpp">
      <Filter>Header Files</Filter>
    </ClInclude>
    <ClInclude Include="src\story\scenes\Intro.hpp">
      <Filter>Header Files</Filter>
    </ClInclude>
    <ClInclude Include="src\story\screen\GameOver.hpp">
      <Filter>Header Files</Filter>
    </ClInclude>
    <ClInclude Include="src\story\screen\Menu.hpp">
      <Filter>Header Files</Filter>
    </ClInclude>
  </ItemGroup>
</Project>